<?xml version="1.0" encoding="utf-8"?>
<Project ToolsVersion="Current" xmlns="http://schemas.microsoft.com/developer/msbuild/2003">
  <ItemGroup>
    <Filter Include="Source Files"><UniqueIdentifier>{35D5355A-BBF7-4EC2-9125-C177278A70E9}</UniqueIdentifier></Filter>
    <Filter Include="Header Files"><UniqueIdentifier>{B56F3B71-0DBB-499F-B1C0-F083555826E6}</UniqueIdentifier></Filter>
    <Filter Include="Driver Files"><UniqueIdentifier>{2E251CD5-91A1-43DD-91BE-EBBD1FE9AC1B}</UniqueIdentifier></Filter>
  </ItemGroup>
  <ItemGroup><ClCompile Include="Driver.cpp"><Filter>Source Files</Filter></ClCompile></ItemGroup>
  <ItemGroup>
    <ClInclude Include="LumenColorTransformPolicy.h"><Filter>Header Files</Filter></ClInclude>
    <ClInclude Include="LumenHdrModePolicy.h"><Filter>Header Files</Filter></ClInclude>
    <ClInclude Include="LumenModeTimingPolicy.h"><Filter>Header Files</Filter></ClInclude>
    <ClInclude Include="LumenModeValidationPolicy.h"><Filter>Header Files</Filter></ClInclude>
    <ClInclude Include="LumenSingleDeleteOwner.h"><Filter>Header Files</Filter></ClInclude>
    <ClInclude Include="LumenVirtualDisplayProtocol.h"><Filter>Header Files</Filter></ClInclude>
    <ClInclude Include="LumenVirtualDisplayGuids.h"><Filter>Header Files</Filter></ClInclude>
    <ClInclude Include="LumenDirectFrameSlotPolicy.h"><Filter>Header Files</Filter></ClInclude>
  </ItemGroup>
  <ItemGroup><Inf Include="LumenVirtualDisplay.inf"><Filter>Driver Files</Filter></Inf></ItemGroup>
</Project>
